{
  "version": 4,
  "terraform_version": "1.5.7",
  "serial": 22,
  "lineage": "a2e990f1-fa26-9689-a835-b20097b2aa5b",
  "outputs": {},
  "resources": [
    {
      "module": "module.vpc-creation",
      "mode": "managed",
      "type": "aws_eip",
      "name": "devops-eip",
      "provider": "module.vpc-creation.provider[\"registry.terraform.io/hashicorp/aws\"]",
      "instances": [
        {
          "schema_version": 0,
          "attributes": {
            "address": null,
            "allocation_id": "eipalloc-032b98c95fc5bb65c",
            "arn": "arn:aws:ec2:ap-south-1:600627316256:elastic-ip/eipalloc-032b98c95fc5bb65c",
            "associate_with_private_ip": null,
            "association_id": "eipassoc-0fae0a81e1d0ae23c",
            "carrier_ip": "",
            "customer_owned_ip": "",
            "customer_owned_ipv4_pool": "",
            "domain": "vpc",
            "id": "eipalloc-032b98c95fc5bb65c",
            "instance": "",
            "network_border_group": "ap-south-1",
            "network_interface": "eni-01ce91a31d1b4fe56",
            "private_dns": "ip-10-0-3-33.ap-south-1.compute.internal",
            "private_ip": "10.0.3.33",
            "ptr_record": "",
            "public_dns": "ec2-13-232-216-47.ap-south-1.compute.amazonaws.com",
            "public_ip": "13.232.216.47",
            "public_ipv4_pool": "amazon",
            "tags": {
              "Name": "DevOps-EIP"
            },
            "tags_all": {
              "Name": "DevOps-EIP"
            },
            "timeouts": null,
            "vpc": true
          },
          "sensitive_attributes": [],
          "private": "eyJlMmJmYjczMC1lY2FhLTExZTYtOGY4OC0zNDM2M2JjN2M0YzAiOnsiZGVsZXRlIjoxODAwMDAwMDAwMDAsInJlYWQiOjkwMDAwMDAwMDAwMCwidXBkYXRlIjozMDAwMDAwMDAwMDB9fQ=="
        }
      ]
    }
  ],
  "check_results": null
}
