{
  "version": 4,
  "terraform_version": "1.5.7",
  "serial": 82,
  "lineage": "ec339e27-93c7-b2cd-6e13-46c567643ea0",
  "outputs": {},
  "resources": [
    {
      "module": "module.vpc-creation",
      "mode": "data",
      "type": "aws_security_group",
      "name": "devops-security-group",
      "provider": "module.vpc-creation.provider[\"registry.terraform.io/hashicorp/aws\"]",
      "instances": [
        {
          "schema_version": 0,
          "attributes": {
            "arn": "arn:aws:ec2:ap-south-1:600627316256:security-group/sg-01c3f1016eb1cc16c",
            "description": "Managed by Terraform",
            "filter": [
              {
                "name": "tag:Name",
                "values": [
                  "DevOps-Security-Group"
                ]
              }
            ],
            "id": "sg-01c3f1016eb1cc16c",
            "name": "terraform-20240822142840950100000003",
            "tags": {
              "Name": "DevOps-Security-Group"
            },
            "timeouts": null,
            "vpc_id": "vpc-0adebd843ab930a8e"
          },
          "sensitive_attributes": []
        }
      ]
    },
    {
      "module": "module.vpc-creation",
      "mode": "data",
      "type": "aws_subnets",
      "name": "devops-private-subnets",
      "provider": "module.vpc-creation.provider[\"registry.terraform.io/hashicorp/aws\"]",
      "instances": [
        {
          "schema_version": 0,
          "attributes": {
            "filter": [
              {
                "name": "tag:Name",
                "values": [
                  "DevOps-Private-Subnet*"
                ]
              }
            ],
            "id": "ap-south-1",
            "ids": [
              "subnet-075706cbaa5431266",
              "subnet-05fe4d909029f4183"
            ],
            "tags": null,
            "timeouts": null
          },
          "sensitive_attributes": []
        }
      ]
    },
    {
      "module": "module.vpc-creation",
      "mode": "data",
      "type": "aws_subnets",
      "name": "devops-public-subnets",
      "provider": "module.vpc-creation.provider[\"registry.terraform.io/hashicorp/aws\"]",
      "instances": [
        {
          "schema_version": 0,
          "attributes": {
            "filter": [
              {
                "name": "tag:Name",
                "values": [
                  "DevOps-Public-Subnet*"
                ]
              }
            ],
            "id": "ap-south-1",
            "ids": [
              "subnet-09bc8c24e9294542c",
              "subnet-05a7fceb8359e03f9"
            ],
            "tags": null,
            "timeouts": null
          },
          "sensitive_attributes": []
        }
      ]
    },
    {
      "module": "module.vpc-creation",
      "mode": "managed",
      "type": "aws_instance",
      "name": "devops-private-ec2",
      "provider": "module.vpc-creation.provider[\"registry.terraform.io/hashicorp/aws\"]",
      "instances": [
        {
          "index_key": 0,
          "schema_version": 1,
          "attributes": {
            "ami": "ami-0522ab6e1ddcc7055",
            "arn": "arn:aws:ec2:ap-south-1:600627316256:instance/i-0864ccc886db927a5",
            "associate_public_ip_address": false,
            "availability_zone": "ap-south-1b",
            "capacity_reservation_specification": [
              {
                "capacity_reservation_preference": "open",
                "capacity_reservation_target": []
              }
            ],
            "cpu_core_count": 1,
            "cpu_options": [
              {
                "amd_sev_snp": "",
                "core_count": 1,
                "threads_per_core": 1
              }
            ],
            "cpu_threads_per_core": 1,
            "credit_specification": [
              {
                "cpu_credits": "standard"
              }
            ],
            "disable_api_stop": false,
            "disable_api_termination": false,
            "ebs_block_device": [],
            "ebs_optimized": false,
            "enclave_options": [
              {
                "enabled": false
              }
            ],
            "ephemeral_block_device": [],
            "get_password_data": false,
            "hibernation": false,
            "host_id": "",
            "host_resource_group_arn": null,
            "iam_instance_profile": "",
            "id": "i-0864ccc886db927a5",
            "instance_initiated_shutdown_behavior": "stop",
            "instance_lifecycle": "",
            "instance_market_options": [],
            "instance_state": "stopped",
            "instance_type": "t2.micro",
            "ipv6_address_count": 0,
            "ipv6_addresses": [],
            "key_name": "devops-key-pair",
            "launch_template": [],
            "maintenance_options": [
              {
                "auto_recovery": "default"
              }
            ],
            "metadata_options": [
              {
                "http_endpoint": "enabled",
                "http_protocol_ipv6": "disabled",
                "http_put_response_hop_limit": 2,
                "http_tokens": "required",
                "instance_metadata_tags": "disabled"
              }
            ],
            "monitoring": false,
            "network_interface": [],
            "outpost_arn": "",
            "password_data": "",
            "placement_group": "",
            "placement_partition_number": 0,
            "primary_network_interface_id": "eni-0f00458937f8d9f48",
            "private_dns": "ip-10-0-2-60.ap-south-1.compute.internal",
            "private_dns_name_options": [
              {
                "enable_resource_name_dns_a_record": false,
                "enable_resource_name_dns_aaaa_record": false,
                "hostname_type": "ip-name"
              }
            ],
            "private_ip": "10.0.2.60",
            "public_dns": "",
            "public_ip": "",
            "root_block_device": [
              {
                "delete_on_termination": true,
                "device_name": "/dev/sda1",
                "encrypted": false,
                "iops": 3000,
                "kms_key_id": "",
                "tags": {},
                "tags_all": {},
                "throughput": 125,
                "volume_id": "vol-0274f9f677e87613a",
                "volume_size": 8,
                "volume_type": "gp3"
              }
            ],
            "secondary_private_ips": [],
            "security_groups": [],
            "source_dest_check": true,
            "spot_instance_request_id": "",
            "subnet_id": "subnet-075706cbaa5431266",
            "tags": {
              "Name": "DevOps-Private-EC2-0"
            },
            "tags_all": {
              "Name": "DevOps-Private-EC2-0"
            },
            "tenancy": "default",
            "timeouts": null,
            "user_data": "02ae7ae0291b3b78215cfdede5d4ac23516d7329",
            "user_data_base64": null,
            "user_data_replace_on_change": false,
            "volume_tags": null,
            "vpc_security_group_ids": [
              "sg-01c3f1016eb1cc16c"
            ]
          },
          "sensitive_attributes": [],
          "private": "eyJlMmJmYjczMC1lY2FhLTExZTYtOGY4OC0zNDM2M2JjN2M0YzAiOnsiY3JlYXRlIjo2MDAwMDAwMDAwMDAsImRlbGV0ZSI6MTIwMDAwMDAwMDAwMCwicmVhZCI6OTAwMDAwMDAwMDAwLCJ1cGRhdGUiOjYwMDAwMDAwMDAwMH0sInNjaGVtYV92ZXJzaW9uIjoiMSJ9",
          "dependencies": [
            "module.vpc-creation.data.aws_security_group.devops-security-group",
            "module.vpc-creation.data.aws_subnets.devops-private-subnets"
          ]
        }
      ]
    }
  ],
  "check_results": null
}
