{
  "version": 4,
  "terraform_version": "1.9.4",
  "serial": 12,
  "lineage": "267fcdc3-02dc-83f8-674a-c287427f7e54",
  "outputs": {},
  "resources": [
    {
      "mode": "managed",
      "type": "aws_iam_policy",
      "name": "devops-policy",
      "provider": "provider[\"registry.terraform.io/hashicorp/aws\"]",
      "instances": [
        {
          "schema_version": 0,
          "attributes": {
            "arn": "arn:aws:iam::600627316256:policy/DevOps-User",
            "attachment_count": 0,
            "description": "",
            "id": "arn:aws:iam::600627316256:policy/DevOps-User",
            "name": "DevOps-User",
            "name_prefix": "",
            "path": "/",
            "policy": "{\"Statement\":[{\"Action\":\"s3:*\",\"Effect\":\"Allow\",\"Resource\":\"*\"},{\"Action\":\"ec2:*\",\"Effect\":\"Allow\",\"Resource\":\"*\"}],\"Version\":\"2012-10-17\"}",
            "policy_id": "ANPAYXWBNQYQM6CPQPIW7",
            "tags": null,
            "tags_all": {}
          },
          "sensitive_attributes": [],
          "private": "bnVsbA=="
        }
      ]
    },
    {
      "mode": "managed",
      "type": "aws_iam_user",
      "name": "devops-user",
      "provider": "provider[\"registry.terraform.io/hashicorp/aws\"]",
      "instances": [
        {
          "schema_version": 0,
          "attributes": {
            "arn": "arn:aws:iam::600627316256:user/devops-user",
            "force_destroy": false,
            "id": "devops-user",
            "name": "devops-user",
            "path": "/",
            "permissions_boundary": "",
            "tags": {
              "Description": "DevOps User for all implementation"
            },
            "tags_all": {
              "Description": "DevOps User for all implementation"
            },
            "unique_id": "AIDAYXWBNQYQCTTO6MQCS"
          },
          "sensitive_attributes": [],
          "private": "bnVsbA=="
        }
      ]
    },
    {
      "mode": "managed",
      "type": "aws_iam_user_policy_attachment",
      "name": "devops-access",
      "provider": "provider[\"registry.terraform.io/hashicorp/aws\"]",
      "instances": [
        {
          "schema_version": 0,
          "attributes": {
            "id": "devops-user-20240815142002272600000001",
            "policy_arn": "arn:aws:iam::600627316256:policy/DevOps-User",
            "user": "devops-user"
          },
          "sensitive_attributes": [],
          "private": "bnVsbA==",
          "dependencies": [
            "aws_iam_policy.devops-policy",
            "aws_iam_user.devops-user"
          ]
        }
      ]
    }
  ],
  "check_results": null
}
