{
  "version": 4,
  "terraform_version": "1.5.7",
  "serial": 27,
  "lineage": "e744ae6d-653c-502b-d0c9-fdf96f20286c",
  "outputs": {},
  "resources": [
    {
      "module": "module.user-creation",
      "mode": "managed",
      "type": "aws_iam_policy",
      "name": "devops-policy",
      "provider": "module.user-creation.provider[\"registry.terraform.io/hashicorp/aws\"]",
      "instances": [
        {
          "schema_version": 0,
          "attributes": {
            "arn": "arn:aws:iam::600627316256:policy/DevOps-Policy",
            "attachment_count": 1,
            "description": "",
            "id": "arn:aws:iam::600627316256:policy/DevOps-Policy",
            "name": "DevOps-Policy",
            "name_prefix": "",
            "path": "/",
            "policy": "{\"Statement\":[{\"Action\":\"s3:*\",\"Effect\":\"Allow\",\"Resource\":\"*\"},{\"Action\":[\"ec2:CreateVpc\",\"ec2:DescribeVpcs\",\"ec2:DeleteVpc\",\"ec2:ModifyVpcAttribute\",\"ec2:CreateSubnet\",\"ec2:DescribeSubnets\",\"ec2:DeleteSubnet\",\"ec2:ModifySubnetAttribute\",\"ec2:CreateInternetGateway\",\"ec2:DescribeInternetGateways\",\"ec2:DeleteInternetGateway\",\"ec2:AttachInternetGateway\",\"ec2:DetachInternetGateway\",\"ec2:CreateNatGateway\",\"ec2:DescribeNatGateways\",\"ec2:DeleteNatGateway\",\"ec2:ModifyNatGatewayAttribute\",\"ec2:DescribeAvailabilityZones\",\"ec2:CreateTags\",\"ec2:DescribeVpcAttribute\",\"ec2:CreateSecurityGroup\",\"ec2:DescribeSecurityGroups\",\"ec2:DeleteSecurityGroup\",\"ec2:ModifySecurityGroupRules\",\"ec2:AuthorizeSecurityGroupIngress\",\"ec2:AuthorizeSecurityGroupEgress\",\"ec2:RevokeSecurityGroupIngress\",\"ec2:RevokeSecurityGroupEgress\",\"ec2:CreateRouteTable\",\"ec2:DescribeRouteTables\",\"ec2:DeleteRouteTable\",\"ec2:AssociateRouteTable\",\"ec2:DisassociateRouteTable\",\"ec2:CreateRoute\",\"ec2:DeleteRoute\"],\"Effect\":\"Allow\",\"Resource\":\"*\"}],\"Version\":\"2012-10-17\"}",
            "policy_id": "ANPAYXWBNQYQFMHBJFSA6",
            "tags": {
              "Name": "DevOps-Policy"
            },
            "tags_all": {
              "Name": "DevOps-Policy"
            }
          },
          "sensitive_attributes": [],
          "private": "bnVsbA=="
        }
      ]
    },
    {
      "module": "module.user-creation",
      "mode": "managed",
      "type": "aws_iam_user",
      "name": "devops-user",
      "provider": "module.user-creation.provider[\"registry.terraform.io/hashicorp/aws\"]",
      "instances": [
        {
          "schema_version": 0,
          "attributes": {
            "arn": "arn:aws:iam::600627316256:user/devops-user",
            "force_destroy": false,
            "id": "devops-user",
            "name": "devops-user",
            "path": "/",
            "permissions_boundary": "",
            "tags": {
              "Name": "devops-user"
            },
            "tags_all": {
              "Name": "devops-user"
            },
            "unique_id": "AIDAYXWBNQYQOL7ZUA4AJ"
          },
          "sensitive_attributes": [],
          "private": "bnVsbA=="
        }
      ]
    },
    {
      "module": "module.user-creation",
      "mode": "managed",
      "type": "aws_iam_user_policy_attachment",
      "name": "devops-access",
      "provider": "module.user-creation.provider[\"registry.terraform.io/hashicorp/aws\"]",
      "instances": [
        {
          "schema_version": 0,
          "attributes": {
            "id": "devops-user-20240815150007841400000001",
            "policy_arn": "arn:aws:iam::600627316256:policy/DevOps-Policy",
            "user": "devops-user"
          },
          "sensitive_attributes": [],
          "private": "bnVsbA==",
          "dependencies": [
            "module.user-creation.aws_iam_policy.devops-policy",
            "module.user-creation.aws_iam_user.devops-user"
          ]
        }
      ]
    }
  ],
  "check_results": null
}
